{
  "version": "4",
  "specifiers": {
    "jsr:@std/path@*": "1.1.5",
    "jsr:@std/yaml@*": "1.1.1"
  },
  "jsr": {
    "@std/path@1.1.5": {
      "integrity": "ccea00982ea28c36becaf6e62f855406c76a8c32d462f66f415bbb7d83a271bc"
    },
    "@std/yaml@1.1.1": {
      "integrity": "a57665ecf3d17b926380593a56625d8a10cc7281802f1e993b5ebc94a48e71f8"
    }
  }
}
